
Microsoft Visual Studio Solution File, Format Version 12.00
# Visual Studio 15
VisualStudioVersion = 15.0.28307.572
MinimumVisualStudioVersion = 10.0.40219.1
Project("{FAE04EC0-301F-11D3-BF4B-00C04F79EFBC}") = "Fitnessz", "Fitnessz\Fitnessz.csproj", "{76C6F405-62D5-45D9-A258-8E251A77B427}"
EndProject
Project("{FAE04EC0-301F-11D3-BF4B-00C04F79EFBC}") = "Fitnessz.Common", "Fitnessz.Common\Fitnessz.Common.csproj", "{8F234C0B-4437-419A-8B2E-2A87A2C6E67D}"
EndProject
Project("{FAE04EC0-301F-11D3-BF4B-00C04F79EFBC}") = "Fitnessz.Logic", "Fitnessz.Logic\Fitnessz.Logic.csproj", "{2A1F0315-247C-4C32-AB1B-87DA3B48C7AD}"
EndProject
Project("{FAE04EC0-301F-11D3-BF4B-00C04F79EFBC}") = "Fitnessz.Model", "Fitnessz.Model\Fitnessz.Model.csproj", "{C78B71C3-34CA-4FC7-9D39-A61C0B89F998}"
EndProject
Project("{FAE04EC0-301F-11D3-BF4B-00C04F79EFBC}") = "Fitnessz.View", "Fitnessz.View\Fitnessz.View.csproj", "{978D24C0-958E-4101-B8ED-D8561C395648}"
EndProject
Project("{FAE04EC0-301F-11D3-BF4B-00C04F79EFBC}") = "Fitnessz.ViewModel", "Fitnessz.ViewModel\Fitnessz.ViewModel.csproj", "{66178A12-B18C-4C1A-819F-6424FA8D8D20}"
EndProject
Global
	GlobalSection(SolutionConfigurationPlatforms) = preSolution
		Debug|Any CPU = Debug|Any CPU
		Release|Any CPU = Release|Any CPU
	EndGlobalSection
	GlobalSection(ProjectConfigurationPlatforms) = postSolution
		{76C6F405-62D5-45D9-A258-8E251A77B427}.Debug|Any CPU.ActiveCfg = Debug|Any CPU
		{76C6F405-62D5-45D9-A258-8E251A77B427}.Debug|Any CPU.Build.0 = Debug|Any CPU
		{76C6F405-62D5-45D9-A258-8E251A77B427}.Release|Any CPU.ActiveCfg = Release|Any CPU
		{76C6F405-62D5-45D9-A258-8E251A77B427}.Release|Any CPU.Build.0 = Release|Any CPU
		{8F234C0B-4437-419A-8B2E-2A87A2C6E67D}.Debug|Any CPU.ActiveCfg = Debug|Any CPU
		{8F234C0B-4437-419A-8B2E-2A87A2C6E67D}.Debug|Any CPU.Build.0 = Debug|Any CPU
		{8F234C0B-4437-419A-8B2E-2A87A2C6E67D}.Release|Any CPU.ActiveCfg = Release|Any CPU
		{8F234C0B-4437-419A-8B2E-2A87A2C6E67D}.Release|Any CPU.Build.0 = Release|Any CPU
		{2A1F0315-247C-4C32-AB1B-87DA3B48C7AD}.Debug|Any CPU.ActiveCfg = Debug|Any CPU
		{2A1F0315-247C-4C32-AB1B-87DA3B48C7AD}.Debug|Any CPU.Build.0 = Debug|Any CPU
		{2A1F0315-247C-4C32-AB1B-87DA3B48C7AD}.Release|Any CPU.ActiveCfg = Release|Any CPU
		{2A1F0315-247C-4C32-AB1B-87DA3B48C7AD}.Release|Any CPU.Build.0 = Release|Any CPU
		{C78B71C3-34CA-4FC7-9D39-A61C0B89F998}.Debug|Any CPU.ActiveCfg = Debug|Any CPU
		{C78B71C3-34CA-4FC7-9D39-A61C0B89F998}.Debug|Any CPU.Build.0 = Debug|Any CPU
		{C78B71C3-34CA-4FC7-9D39-A61C0B89F998}.Release|Any CPU.ActiveCfg = Release|Any CPU
		{C78B71C3-34CA-4FC7-9D39-A61C0B89F998}.Release|Any CPU.Build.0 = Release|Any CPU
		{978D24C0-958E-4101-B8ED-D8561C395648}.Debug|Any CPU.ActiveCfg = Debug|Any CPU
		{978D24C0-958E-4101-B8ED-D8561C395648}.Debug|Any CPU.Build.0 = Debug|Any CPU
		{978D24C0-958E-4101-B8ED-D8561C395648}.Release|Any CPU.ActiveCfg = Release|Any CPU
		{978D24C0-958E-4101-B8ED-D8561C395648}.Release|Any CPU.Build.0 = Release|Any CPU
		{66178A12-B18C-4C1A-819F-6424FA8D8D20}.Debug|Any CPU.ActiveCfg = Debug|Any CPU
		{66178A12-B18C-4C1A-819F-6424FA8D8D20}.Debug|Any CPU.Build.0 = Debug|Any CPU
		{66178A12-B18C-4C1A-819F-6424FA8D8D20}.Release|Any CPU.ActiveCfg = Release|Any CPU
		{66178A12-B18C-4C1A-819F-6424FA8D8D20}.Release|Any CPU.Build.0 = Release|Any CPU
	EndGlobalSection
	GlobalSection(SolutionProperties) = preSolution
		HideSolutionNode = FALSE
	EndGlobalSection
	GlobalSection(ExtensibilityGlobals) = postSolution
		SolutionGuid = {A0359000-25BA-4FB0-AC36-65B46F7F5DC4}
	EndGlobalSection
EndGlobal
